
Microsoft Visual Studio Solution File, Format Version 12.00
# Visual Studio Version 17
VisualStudioVersion = 17.0.31903.59
MinimumVisualStudioVersion = 10.0.40219.1
Project("{FAE04EC0-301F-11D3-BF4B-00C04F79EFBC}") = ".net backend", ".net backend\.net backend.csproj", "{509375DF-E88C-4E9D-8A09-FF966D3D2EE5}"
EndProject
Project("{FAE04EC0-301F-11D3-BF4B-00C04F79EFBC}") = "Repositories", "Repositories\Repositories.csproj", "{7320457B-543D-4A1F-833B-91CCB5AF75D3}"
EndProject
Project("{FAE04EC0-301F-11D3-BF4B-00C04F79EFBC}") = "Services", "Services\Services.csproj", "{12D71544-EDF6-40CF-9423-389A4586F493}"
EndProject
Project("{FAE04EC0-301F-11D3-BF4B-00C04F79EFBC}") = "Models", "Models\Models.csproj", "{D27E6165-332A-4A8D-B3A9-6DA6F5639F17}"
EndProject
Project("{FAE04EC0-301F-11D3-BF4B-00C04F79EFBC}") = "DTOs", "DTOs\DTOs.csproj", "{08E03E17-6D8F-4C25-ADB7-B3417EF64370}"
EndProject
Project("{FAE04EC0-301F-11D3-BF4B-00C04F79EFBC}") = "Enums", "Enums\Enums.csproj", "{6EB2AB29-118A-473D-B72C-1582CFA6F710}"
EndProject
Global
	GlobalSection(SolutionConfigurationPlatforms) = preSolution
		Debug|Any CPU = Debug|Any CPU
		Release|Any CPU = Release|Any CPU
	EndGlobalSection
	GlobalSection(SolutionProperties) = preSolution
		HideSolutionNode = FALSE
	EndGlobalSection
	GlobalSection(ProjectConfigurationPlatforms) = postSolution
		{509375DF-E88C-4E9D-8A09-FF966D3D2EE5}.Debug|Any CPU.ActiveCfg = Debug|Any CPU
		{509375DF-E88C-4E9D-8A09-FF966D3D2EE5}.Debug|Any CPU.Build.0 = Debug|Any CPU
		{509375DF-E88C-4E9D-8A09-FF966D3D2EE5}.Release|Any CPU.ActiveCfg = Release|Any CPU
		{509375DF-E88C-4E9D-8A09-FF966D3D2EE5}.Release|Any CPU.Build.0 = Release|Any CPU
		{7320457B-543D-4A1F-833B-91CCB5AF75D3}.Debug|Any CPU.ActiveCfg = Debug|Any CPU
		{7320457B-543D-4A1F-833B-91CCB5AF75D3}.Debug|Any CPU.Build.0 = Debug|Any CPU
		{7320457B-543D-4A1F-833B-91CCB5AF75D3}.Release|Any CPU.ActiveCfg = Release|Any CPU
		{7320457B-543D-4A1F-833B-91CCB5AF75D3}.Release|Any CPU.Build.0 = Release|Any CPU
		{12D71544-EDF6-40CF-9423-389A4586F493}.Debug|Any CPU.ActiveCfg = Debug|Any CPU
		{12D71544-EDF6-40CF-9423-389A4586F493}.Debug|Any CPU.Build.0 = Debug|Any CPU
		{12D71544-EDF6-40CF-9423-389A4586F493}.Release|Any CPU.ActiveCfg = Release|Any CPU
		{12D71544-EDF6-40CF-9423-389A4586F493}.Release|Any CPU.Build.0 = Release|Any CPU
		{D27E6165-332A-4A8D-B3A9-6DA6F5639F17}.Debug|Any CPU.ActiveCfg = Debug|Any CPU
		{D27E6165-332A-4A8D-B3A9-6DA6F5639F17}.Debug|Any CPU.Build.0 = Debug|Any CPU
		{D27E6165-332A-4A8D-B3A9-6DA6F5639F17}.Release|Any CPU.ActiveCfg = Release|Any CPU
		{D27E6165-332A-4A8D-B3A9-6DA6F5639F17}.Release|Any CPU.Build.0 = Release|Any CPU
		{08E03E17-6D8F-4C25-ADB7-B3417EF64370}.Debug|Any CPU.ActiveCfg = Debug|Any CPU
		{08E03E17-6D8F-4C25-ADB7-B3417EF64370}.Debug|Any CPU.Build.0 = Debug|Any CPU
		{08E03E17-6D8F-4C25-ADB7-B3417EF64370}.Release|Any CPU.ActiveCfg = Release|Any CPU
		{08E03E17-6D8F-4C25-ADB7-B3417EF64370}.Release|Any CPU.Build.0 = Release|Any CPU
		{6EB2AB29-118A-473D-B72C-1582CFA6F710}.Debug|Any CPU.ActiveCfg = Debug|Any CPU
		{6EB2AB29-118A-473D-B72C-1582CFA6F710}.Debug|Any CPU.Build.0 = Debug|Any CPU
		{6EB2AB29-118A-473D-B72C-1582CFA6F710}.Release|Any CPU.ActiveCfg = Release|Any CPU
		{6EB2AB29-118A-473D-B72C-1582CFA6F710}.Release|Any CPU.Build.0 = Release|Any CPU
	EndGlobalSection
EndGlobal
